
Microsoft Visual Studio Solution File, Format Version 12.00
# Visual Studio 15
VisualStudioVersion = 15.0.26730.12
MinimumVisualStudioVersion = 10.0.40219.1
Project("{9A19103F-16F7-4668-BE54-9A1E7A4F7556}") = "MarqService", "MarqService\MarqService.csproj", "{C8D6F98B-A15F-44AB-B051-41CA7D442D6B}"
EndProject
Global
	GlobalSection(SolutionConfigurationPlatforms) = preSolution
		Debug|Any CPU = Debug|Any CPU
		Release|Any CPU = Release|Any CPU
	EndGlobalSection
	GlobalSection(ProjectConfigurationPlatforms) = postSolution
		{C8D6F98B-A15F-44AB-B051-41CA7D442D6B}.Debug|Any CPU.ActiveCfg = Debug|Any CPU
		{C8D6F98B-A15F-44AB-B051-41CA7D442D6B}.Debug|Any CPU.Build.0 = Debug|Any CPU
		{C8D6F98B-A15F-44AB-B051-41CA7D442D6B}.Release|Any CPU.ActiveCfg = Release|Any CPU
		{C8D6F98B-A15F-44AB-B051-41CA7D442D6B}.Release|Any CPU.Build.0 = Release|Any CPU
	EndGlobalSection
	GlobalSection(SolutionProperties) = preSolution
		HideSolutionNode = FALSE
	EndGlobalSection
	GlobalSection(ExtensibilityGlobals) = postSolution
		SolutionGuid = {0F6FF883-A4BF-4B5A-B168-AF177DA980D3}
	EndGlobalSection
EndGlobal
